
Microsoft Visual Studio Solution File, Format Version 12.00
# Visual Studio Version 17
VisualStudioVersion = 17.13.35828.75 d17.13
MinimumVisualStudioVersion = 10.0.40219.1
Project("{FAE04EC0-301F-11D3-BF4B-00C04F79EFBC}") = "ListLINQ", "ListLINQ\ListLINQ.csproj", "{EF21A4FD-1EC0-4AA0-9DF8-762C0D625DCF}"
EndProject
Global
	GlobalSection(SolutionConfigurationPlatforms) = preSolution
		Debug|Any CPU = Debug|Any CPU
		Release|Any CPU = Release|Any CPU
	EndGlobalSection
	GlobalSection(ProjectConfigurationPlatforms) = postSolution
		{EF21A4FD-1EC0-4AA0-9DF8-762C0D625DCF}.Debug|Any CPU.ActiveCfg = Debug|Any CPU
		{EF21A4FD-1EC0-4AA0-9DF8-762C0D625DCF}.Debug|Any CPU.Build.0 = Debug|Any CPU
		{EF21A4FD-1EC0-4AA0-9DF8-762C0D625DCF}.Release|Any CPU.ActiveCfg = Release|Any CPU
		{EF21A4FD-1EC0-4AA0-9DF8-762C0D625DCF}.Release|Any CPU.Build.0 = Release|Any CPU
	EndGlobalSection
	GlobalSection(SolutionProperties) = preSolution
		HideSolutionNode = FALSE
	EndGlobalSection
	GlobalSection(ExtensibilityGlobals) = postSolution
		SolutionGuid = {D6CE0C30-6E5E-489E-AF0B-E65F5C6A1DB0}
	EndGlobalSection
EndGlobal
