
Microsoft Visual Studio Solution File, Format Version 12.00
# Visual Studio Version 17
VisualStudioVersion = 17.13.35828.75 d17.13
MinimumVisualStudioVersion = 10.0.40219.1
Project("{FAE04EC0-301F-11D3-BF4B-00C04F79EFBC}") = "LInqAllAny", "LInqAllAny\LInqAllAny.csproj", "{F57D23EB-1AD4-4A8D-8CBB-2EBC39C07AED}"
EndProject
Global
	GlobalSection(SolutionConfigurationPlatforms) = preSolution
		Debug|Any CPU = Debug|Any CPU
		Release|Any CPU = Release|Any CPU
	EndGlobalSection
	GlobalSection(ProjectConfigurationPlatforms) = postSolution
		{F57D23EB-1AD4-4A8D-8CBB-2EBC39C07AED}.Debug|Any CPU.ActiveCfg = Debug|Any CPU
		{F57D23EB-1AD4-4A8D-8CBB-2EBC39C07AED}.Debug|Any CPU.Build.0 = Debug|Any CPU
		{F57D23EB-1AD4-4A8D-8CBB-2EBC39C07AED}.Release|Any CPU.ActiveCfg = Release|Any CPU
		{F57D23EB-1AD4-4A8D-8CBB-2EBC39C07AED}.Release|Any CPU.Build.0 = Release|Any CPU
	EndGlobalSection
	GlobalSection(SolutionProperties) = preSolution
		HideSolutionNode = FALSE
	EndGlobalSection
	GlobalSection(ExtensibilityGlobals) = postSolution
		SolutionGuid = {00CB90CA-A6F8-45FA-8C26-3E25414B02EE}
	EndGlobalSection
EndGlobal
