
Microsoft Visual Studio Solution File, Format Version 12.00
# Visual Studio Version 17
VisualStudioVersion = 17.13.35828.75 d17.13
MinimumVisualStudioVersion = 10.0.40219.1
Project("{FAE04EC0-301F-11D3-BF4B-00C04F79EFBC}") = "Encaptulation", "Encaptulation\Encaptulation.csproj", "{9D15E7D2-C212-4052-93F4-437B75530C87}"
EndProject
Global
	GlobalSection(SolutionConfigurationPlatforms) = preSolution
		Debug|Any CPU = Debug|Any CPU
		Release|Any CPU = Release|Any CPU
	EndGlobalSection
	GlobalSection(ProjectConfigurationPlatforms) = postSolution
		{9D15E7D2-C212-4052-93F4-437B75530C87}.Debug|Any CPU.ActiveCfg = Debug|Any CPU
		{9D15E7D2-C212-4052-93F4-437B75530C87}.Debug|Any CPU.Build.0 = Debug|Any CPU
		{9D15E7D2-C212-4052-93F4-437B75530C87}.Release|Any CPU.ActiveCfg = Release|Any CPU
		{9D15E7D2-C212-4052-93F4-437B75530C87}.Release|Any CPU.Build.0 = Release|Any CPU
	EndGlobalSection
	GlobalSection(SolutionProperties) = preSolution
		HideSolutionNode = FALSE
	EndGlobalSection
	GlobalSection(ExtensibilityGlobals) = postSolution
		SolutionGuid = {133312F0-D842-4321-B83A-9D757415C7BC}
	EndGlobalSection
EndGlobal
