
Microsoft Visual Studio Solution File, Format Version 12.00
# Visual Studio Version 17
VisualStudioVersion = 17.13.35828.75 d17.13
MinimumVisualStudioVersion = 10.0.40219.1
Project("{FAE04EC0-301F-11D3-BF4B-00C04F79EFBC}") = "arrayAnimalSort", "arrayAnimalSort\arrayAnimalSort.csproj", "{6AD4A845-9D49-4920-BC8B-53A2FC37C794}"
EndProject
Global
	GlobalSection(SolutionConfigurationPlatforms) = preSolution
		Debug|Any CPU = Debug|Any CPU
		Release|Any CPU = Release|Any CPU
	EndGlobalSection
	GlobalSection(ProjectConfigurationPlatforms) = postSolution
		{6AD4A845-9D49-4920-BC8B-53A2FC37C794}.Debug|Any CPU.ActiveCfg = Debug|Any CPU
		{6AD4A845-9D49-4920-BC8B-53A2FC37C794}.Debug|Any CPU.Build.0 = Debug|Any CPU
		{6AD4A845-9D49-4920-BC8B-53A2FC37C794}.Release|Any CPU.ActiveCfg = Release|Any CPU
		{6AD4A845-9D49-4920-BC8B-53A2FC37C794}.Release|Any CPU.Build.0 = Release|Any CPU
	EndGlobalSection
	GlobalSection(SolutionProperties) = preSolution
		HideSolutionNode = FALSE
	EndGlobalSection
	GlobalSection(ExtensibilityGlobals) = postSolution
		SolutionGuid = {099F40BB-490D-4F3C-A3D5-7560F985B2A5}
	EndGlobalSection
EndGlobal
